
Microsoft Visual Studio Solution File, Format Version 12.00
# Visual Studio Version 17
VisualStudioVersion = 17.4.33110.190
MinimumVisualStudioVersion = 10.0.40219.1
Project("{8BC9CEB8-8B4A-11D0-8D11-00A0C91BC942}") = "Lab_3", "Lab_3\Lab_3.vcxproj", "{9611B578-00D0-484A-BDDE-EE0B3FD644CF}"
EndProject
Project("{8BC9CEB8-8B4A-11D0-8D11-00A0C91BC942}") = "UnitTest1", "UnitTest1\UnitTest1.vcxproj", "{5D2EF5A5-8135-4A84-B81B-5968CACA2AC3}"
EndProject
Global
	GlobalSection(SolutionConfigurationPlatforms) = preSolution
		Debug|x64 = Debug|x64
		Debug|x86 = Debug|x86
		Release|x64 = Release|x64
		Release|x86 = Release|x86
	EndGlobalSection
	GlobalSection(ProjectConfigurationPlatforms) = postSolution
		{9611B578-00D0-484A-BDDE-EE0B3FD644CF}.Debug|x64.ActiveCfg = Debug|x64
		{9611B578-00D0-484A-BDDE-EE0B3FD644CF}.Debug|x64.Build.0 = Debug|x64
		{9611B578-00D0-484A-BDDE-EE0B3FD644CF}.Debug|x86.ActiveCfg = Debug|Win32
		{9611B578-00D0-484A-BDDE-EE0B3FD644CF}.Debug|x86.Build.0 = Debug|Win32
		{9611B578-00D0-484A-BDDE-EE0B3FD644CF}.Release|x64.ActiveCfg = Release|x64
		{9611B578-00D0-484A-BDDE-EE0B3FD644CF}.Release|x64.Build.0 = Release|x64
		{9611B578-00D0-484A-BDDE-EE0B3FD644CF}.Release|x86.ActiveCfg = Release|Win32
		{9611B578-00D0-484A-BDDE-EE0B3FD644CF}.Release|x86.Build.0 = Release|Win32
		{5D2EF5A5-8135-4A84-B81B-5968CACA2AC3}.Debug|x64.ActiveCfg = Debug|x64
		{5D2EF5A5-8135-4A84-B81B-5968CACA2AC3}.Debug|x64.Build.0 = Debug|x64
		{5D2EF5A5-8135-4A84-B81B-5968CACA2AC3}.Debug|x86.ActiveCfg = Debug|Win32
		{5D2EF5A5-8135-4A84-B81B-5968CACA2AC3}.Debug|x86.Build.0 = Debug|Win32
		{5D2EF5A5-8135-4A84-B81B-5968CACA2AC3}.Release|x64.ActiveCfg = Release|x64
		{5D2EF5A5-8135-4A84-B81B-5968CACA2AC3}.Release|x64.Build.0 = Release|x64
		{5D2EF5A5-8135-4A84-B81B-5968CACA2AC3}.Release|x86.ActiveCfg = Release|Win32
		{5D2EF5A5-8135-4A84-B81B-5968CACA2AC3}.Release|x86.Build.0 = Release|Win32
	EndGlobalSection
	GlobalSection(SolutionProperties) = preSolution
		HideSolutionNode = FALSE
	EndGlobalSection
	GlobalSection(ExtensibilityGlobals) = postSolution
		SolutionGuid = {8A63E508-8325-45A9-A9D5-D600D9DA9E8E}
	EndGlobalSection
EndGlobal
